
Microsoft Visual Studio Solution File, Format Version 12.00
# Visual Studio Version 17
VisualStudioVersion = 17.8.34309.116
MinimumVisualStudioVersion = 10.0.40219.1
Project("{9A19103F-16F7-4668-BE54-9A1E7A4F7556}") = "CongestionTaxApi", "CongestionTaxApi\CongestionTaxApi.csproj", "{888375AD-42A3-4995-B50E-3687479A68EE}"
EndProject
Project("{9A19103F-16F7-4668-BE54-9A1E7A4F7556}") = "CongestionTaxApi.Tests", "CongestionTaxApi.Tests\CongestionTaxApi.Tests.csproj", "{246D0478-994C-41DC-A955-255621B68035}"
EndProject
Project("{2150E333-8FDC-42A3-9474-1A3956D46DE8}") = "Solution Items", "Solution Items", "{60B98A42-744C-4604-89D0-723117341413}"
	ProjectSection(SolutionItems) = preProject
		ASSIGNMENT.md = ASSIGNMENT.md
		NOTES.md = NOTES.md
		test_client.http = test_client.http
	EndProjectSection
EndProject
Global
	GlobalSection(SolutionConfigurationPlatforms) = preSolution
		Debug|Any CPU = Debug|Any CPU
		Release|Any CPU = Release|Any CPU
	EndGlobalSection
	GlobalSection(ProjectConfigurationPlatforms) = postSolution
		{888375AD-42A3-4995-B50E-3687479A68EE}.Debug|Any CPU.ActiveCfg = Debug|Any CPU
		{888375AD-42A3-4995-B50E-3687479A68EE}.Debug|Any CPU.Build.0 = Debug|Any CPU
		{888375AD-42A3-4995-B50E-3687479A68EE}.Release|Any CPU.ActiveCfg = Release|Any CPU
		{888375AD-42A3-4995-B50E-3687479A68EE}.Release|Any CPU.Build.0 = Release|Any CPU
		{246D0478-994C-41DC-A955-255621B68035}.Debug|Any CPU.ActiveCfg = Debug|Any CPU
		{246D0478-994C-41DC-A955-255621B68035}.Debug|Any CPU.Build.0 = Debug|Any CPU
		{246D0478-994C-41DC-A955-255621B68035}.Release|Any CPU.ActiveCfg = Release|Any CPU
		{246D0478-994C-41DC-A955-255621B68035}.Release|Any CPU.Build.0 = Release|Any CPU
	EndGlobalSection
	GlobalSection(SolutionProperties) = preSolution
		HideSolutionNode = FALSE
	EndGlobalSection
	GlobalSection(ExtensibilityGlobals) = postSolution
		SolutionGuid = {D1E7BFA0-3B62-459F-B603-667AD6A3DA9C}
	EndGlobalSection
EndGlobal
